// !$*UTF8*$!
{
	archiveVersion = 1;
	classes = {
	};
	objectVersion = 77;
	objects = {

/* Begin PBXBuildFile section */
		92C8A5662E7856CA00B0E887 /* FirebaseAuth in Frameworks */ = {isa = PBXBuildFile; productRef = 92C8A5652E7856CA00B0E887 /* FirebaseAuth */; };
		92C8A5682E7856CA00B0E887 /* FirebaseAuthCombine-Community in Frameworks */ = {isa = PBXBuildFile; productRef = 92C8A5672E7856CA00B0E887 /* FirebaseAuthCombine-Community */; };
		92C8A56A2E7856CA00B0E887 /* FirebaseDatabase in Frameworks */ = {isa = PBXBuildFile; productRef = 92C8A5692E7856CA00B0E887 /* FirebaseDatabase */; };
		92C8A56C2E7856CA00B0E887 /* FirebaseFirestore in Frameworks */ = {isa = PBXBuildFile; productRef = 92C8A56B2E7856CA00B0E887 /* FirebaseFirestore */; };
		92C8A56E2E7856CA00B0E887 /* FirebaseFunctions in Frameworks */ = {isa = PBXBuildFile; productRef = 92C8A56D2E7856CA00B0E887 /* FirebaseFunctions */; };
		92C8A5702E7856CA00B0E887 /* FirebaseStorage in Frameworks */ = {isa = PBXBuildFile; productRef = 92C8A56F2E7856CA00B0E887 /* FirebaseStorage */; };
/* End PBXBuildFile section */

/* Begin PBXContainerItemProxy section */
		92C8A5462E78540800B0E887 /* PBXContainerItemProxy */ = {
			isa = PBXContainerItemProxy;
			containerPortal = 92C8A5302E78540600B0E887 /* Project object */;
			proxyType = 1;
			remoteGlobalIDString = 92C8A5372E78540600B0E887;
			remoteInfo = LuvDeck;
		};
		92C8A5502E78540800B0E887 /* PBXContainerItemProxy */ = {
			isa = PBXContainerItemProxy;
			containerPortal = 92C8A5302E78540600B0E887 /* Project object */;
			proxyType = 1;
			remoteGlobalIDString = 92C8A5372E78540600B0E887;
			remoteInfo = LuvDeck;
		};
/* End PBXContainerItemProxy section */

/* Begin PBXFileReference section */
		92C8A5382E78540600B0E887 /* LuvDeck.app */ = {isa = PBXFileReference; explicitFileType = wrapper.application; includeInIndex = 0; path = LuvDeck.app; sourceTree = BUILT_PRODUCTS_DIR; };
		92C8A5452E78540800B0E887 /* LuvDeckTests.xctest */ = {isa = PBXFileReference; explicitFileType = wrapper.cfbundle; includeInIndex = 0; path = LuvDeckTests.xctest; sourceTree = BUILT_PRODUCTS_DIR; };
		92C8A54F2E78540800B0E887 /* LuvDeckUITests.xctest */ = {isa = PBXFileReference; explicitFileType = wrapper.cfbundle; includeInIndex = 0; path = LuvDeckUITests.xctest; sourceTree = BUILT_PRODUCTS_DIR; };
/* End PBXFileReference section */

/* Begin PBXFileSystemSynchronizedRootGroup section */
		92C8A53A2E78540600B0E887 /* LuvDeck */ = {
			isa = PBXFileSystemSynchronizedRootGroup;
			path = LuvDeck;
			sourceTree = "<group>";
		};
		92C8A5482E78540800B0E887 /* LuvDeckTests */ = {
			isa = PBXFileSystemSynchronizedRootGroup;
			path = LuvDeckTests;
			sourceTree = "<group>";
		};
		92C8A5522E78540800B0E887 /* LuvDeckUITests */ = {
			isa = PBXFileSystemSynchronizedRootGroup;
			path = LuvDeckUITests;
			sourceTree = "<group>";
		};
/* End PBXFileSystemSynchronizedRootGroup section */

/* Begin PBXFrameworksBuildPhase section */
		92C8A5352E78540600B0E887 /* Frameworks */ = {
			isa = PBXFrameworksBuildPhase;
			buildActionMask = 2147483647;
			files = (
				92C8A56A2E7856CA00B0E887 /* FirebaseDatabase in Frameworks */,
				92C8A56C2E7856CA00B0E887 /* FirebaseFirestore in Frameworks */,
				92C8A56E2E7856CA00B0E887 /* FirebaseFunctions in Frameworks */,
				92C8A5662E7856CA00B0E887 /* FirebaseAuth in Frameworks */,
				92C8A5682E7856CA00B0E887 /* FirebaseAuthCombine-Community in Frameworks */,
				92C8A5702E7856CA00B0E887 /* FirebaseStorage in Frameworks */,
			);
			runOnlyForDeploymentPostprocessing = 0;
		};
		92C8A5422E78540800B0E887 /* Frameworks */ = {
			isa = PBXFrameworksBuildPhase;
			buildActionMask = 2147483647;
			files = (
			);
			runOnlyForDeploymentPostprocessing = 0;
		};
		92C8A54C2E78540800B0E887 /* Frameworks */ = {
			isa = PBXFrameworksBuildPhase;
			buildActionMask = 2147483647;
			files = (
			);
			runOnlyForDeploymentPostprocessing = 0;
		};
/* End PBXFrameworksBuildPhase section */

/* Begin PBXGroup section */
		92C8A52F2E78540600B0E887 = {
			isa = PBXGroup;
			children = (
				92C8A53A2E78540600B0E887 /* LuvDeck */,
				92C8A5482E78540800B0E887 /* LuvDeckTests */,
				92C8A5522E78540800B0E887 /* LuvDeckUITests */,
				92C8A5392E78540600B0E887 /* Products */,
			);
			sourceTree = "<group>";
		};
		92C8A5392E78540600B0E887 /* Products */ = {
			isa = PBXGroup;
			children = (
				92C8A5382E78540600B0E887 /* LuvDeck.app */,
				92C8A5452E78540800B0E887 /* LuvDeckTests.xctest */,
				92C8A54F2E78540800B0E887 /* LuvDeckUITests.xctest */,
			);
			name = Products;
			sourceTree = "<group>";
		};
/* End PBXGroup section */

/* Begin PBXNativeTarget section */
		92C8A5372E78540600B0E887 /* LuvDeck */ = {
			isa = PBXNativeTarget;
			buildConfigurationList = 92C8A5592E78540800B0E887 /* Build configuration list for PBXNativeTarget "LuvDeck" */;
			buildPhases = (
				92C8A5342E78540600B0E887 /* Sources */,
				92C8A5352E78540600B0E887 /* Frameworks */,
				92C8A5362E78540600B0E887 /* Resources */,
			);
			buildRules = (
			);
			dependencies = (
			);
			fileSystemSynchronizedGroups = (
				92C8A53A2E78540600B0E887 /* LuvDeck */,
			);
			name = LuvDeck;
			packageProductDependencies = (
				92C8A5652E7856CA00B0E887 /* FirebaseAuth */,
				92C8A5672E7856CA00B0E887 /* FirebaseAuthCombine-Community */,
				92C8A5692E7856CA00B0E887 /* FirebaseDatabase */,
				92C8A56B2E7856CA00B0E887 /* FirebaseFirestore */,
				92C8A56D2E7856CA00B0E887 /* FirebaseFunctions */,
				92C8A56F2E7856CA00B0E887 /* FirebaseStorage */,
			);
			productName = LuvDeck;
			productReference = 92C8A5382E78540600B0E887 /* LuvDeck.app */;
			productType = "com.apple.product-type.application";
		};
		92C8A5442E78540800B0E887 /* LuvDeckTests */ = {
			isa = PBXNativeTarget;
			buildConfigurationList = 92C8A55C2E78540800B0E887 /* Build configuration list for PBXNativeTarget "LuvDeckTests" */;
			buildPhases = (
				92C8A5412E78540800B0E887 /* Sources */,
				92C8A5422E78540800B0E887 /* Frameworks */,
				92C8A5432E78540800B0E887 /* Resources */,
			);
			buildRules = (
			);
			dependencies = (
				92C8A5472E78540800B0E887 /* PBXTargetDependency */,
			);
			fileSystemSynchronizedGroups = (
				92C8A5482E78540800B0E887 /* LuvDeckTests */,
			);
			name = LuvDeckTests;
			packageProductDependencies = (
			);
			productName = LuvDeckTests;
			productReference = 92C8A5452E78540800B0E887 /* LuvDeckTests.xctest */;
			productType = "com.apple.product-type.bundle.unit-test";
		};
		92C8A54E2E78540800B0E887 /* LuvDeckUITests */ = {
			isa = PBXNativeTarget;
			buildConfigurationList = 92C8A55F2E78540800B0E887 /* Build configuration list for PBXNativeTarget "LuvDeckUITests" */;
			buildPhases = (
				92C8A54B2E78540800B0E887 /* Sources */,
				92C8A54C2E78540800B0E887 /* Frameworks */,
				92C8A54D2E78540800B0E887 /* Resources */,
			);
			buildRules = (
			);
			dependencies = (
				92C8A5512E78540800B0E887 /* PBXTargetDependency */,
			);
			fileSystemSynchronizedGroups = (
				92C8A5522E78540800B0E887 /* LuvDeckUITests */,
			);
			name = LuvDeckUITests;
			packageProductDependencies = (
			);
			productName = LuvDeckUITests;
			productReference = 92C8A54F2E78540800B0E887 /* LuvDeckUITests.xctest */;
			productType = "com.apple.product-type.bundle.ui-testing";
		};
/* End PBXNativeTarget section */

/* Begin PBXProject section */
		92C8A5302E78540600B0E887 /* Project object */ = {
			isa = PBXProject;
			attributes = {
				BuildIndependentTargetsInParallel = 1;
				LastSwiftUpdateCheck = 1640;
				LastUpgradeCheck = 2600;
				TargetAttributes = {
					92C8A5372E78540600B0E887 = {
						CreatedOnToolsVersion = 16.4;
					};
					92C8A5442E78540800B0E887 = {
						CreatedOnToolsVersion = 16.4;
						TestTargetID = 92C8A5372E78540600B0E887;
					};
					92C8A54E2E78540800B0E887 = {
						CreatedOnToolsVersion = 16.4;
						TestTargetID = 92C8A5372E78540600B0E887;
					};
				};
			};
			buildConfigurationList = 92C8A5332E78540600B0E887 /* Build configuration list for PBXProject "LuvDeck" */;
			developmentRegion = en;
			hasScannedForEncodings = 0;
			knownRegions = (
				en,
				Base,
			);
			mainGroup = 92C8A52F2E78540600B0E887;
			minimizedProjectReferenceProxies = 1;
			packageReferences = (
				92C8A5642E7856CA00B0E887 /* XCRemoteSwiftPackageReference "firebase-ios-sdk" */,
			);
			preferredProjectObjectVersion = 77;
			productRefGroup = 92C8A5392E78540600B0E887 /* Products */;
			projectDirPath = "";
			projectRoot = "";
			targets = (
				92C8A5372E78540600B0E887 /* LuvDeck */,
				92C8A5442E78540800B0E887 /* LuvDeckTests */,
				92C8A54E2E78540800B0E887 /* LuvDeckUITests */,
			);
		};
/* End PBXProject section */

/* Begin PBXResourcesBuildPhase section */
		92C8A5362E78540600B0E887 /* Resources */ = {
			isa = PBXResourcesBuildPhase;
			buildActionMask = 2147483647;
			files = (
			);
			runOnlyForDeploymentPostprocessing = 0;
		};
		92C8A5432E78540800B0E887 /* Resources */ = {
			isa = PBXResourcesBuildPhase;
			buildActionMask = 2147483647;
			files = (
			);
			runOnlyForDeploymentPostprocessing = 0;
		};
		92C8A54D2E78540800B0E887 /* Resources */ = {
			isa = PBXResourcesBuildPhase;
			buildActionMask = 2147483647;
			files = (
			);
			runOnlyForDeploymentPostprocessing = 0;
		};
/* End PBXResourcesBuildPhase section */

/* Begin PBXSourcesBuildPhase section */
		92C8A5342E78540600B0E887 /* Sources */ = {
			isa = PBXSourcesBuildPhase;
			buildActionMask = 2147483647;
			files = (
			);
			runOnlyForDeploymentPostprocessing = 0;
		};
		92C8A5412E78540800B0E887 /* Sources */ = {
			isa = PBXSourcesBuildPhase;
			buildActionMask = 2147483647;
			files = (
			);
			runOnlyForDeploymentPostprocessing = 0;
		};
		92C8A54B2E78540800B0E887 /* Sources */ = {
			isa = PBXSourcesBuildPhase;
			buildActionMask = 2147483647;
			files = (
			);
			runOnlyForDeploymentPostprocessing = 0;
		};
/* End PBXSourcesBuildPhase section */

/* Begin PBXTargetDependency section */
		92C8A5472E78540800B0E887 /* PBXTargetDependency */ = {
			isa = PBXTargetDependency;
			target = 92C8A5372E78540600B0E887 /* LuvDeck */;
			targetProxy = 92C8A5462E78540800B0E887 /* PBXContainerItemProxy */;
		};
		92C8A5512E78540800B0E887 /* PBXTargetDependency */ = {
			isa = PBXTargetDependency;
			target = 92C8A5372E78540600B0E887 /* LuvDeck */;
			targetProxy = 92C8A5502E78540800B0E887 /* PBXContainerItemProxy */;
		};
/* End PBXTargetDependency section */

/* Begin XCBuildConfiguration section */
		92C8A5572E78540800B0E887 /* Debug */ = {
			isa = XCBuildConfiguration;
			buildSettings = {
				ALWAYS_SEARCH_USER_PATHS = NO;
				ASSETCATALOG_COMPILER_GENERATE_SWIFT_ASSET_SYMBOL_EXTENSIONS = YES;
				CLANG_ANALYZER_NONNULL = YES;
				CLANG_ANALYZER_NUMBER_OBJECT_CONVERSION = YES_AGGRESSIVE;
				CLANG_CXX_LANGUAGE_STANDARD = "gnu++20";
				CLANG_ENABLE_MODULES = YES;
				CLANG_ENABLE_OBJC_ARC = YES;
				CLANG_ENABLE_OBJC_WEAK = YES;
				CLANG_WARN_BLOCK_CAPTURE_AUTORELEASING = YES;
				CLANG_WARN_BOOL_CONVERSION = YES;
				CLANG_WARN_COMMA = YES;
				CLANG_WARN_CONSTANT_CONVERSION = YES;
				CLANG_WARN_DEPRECATED_OBJC_IMPLEMENTATIONS = YES;
				CLANG_WARN_DIRECT_OBJC_ISA_USAGE = YES_ERROR;
				CLANG_WARN_DOCUMENTATION_COMMENTS = YES;
				CLANG_WARN_EMPTY_BODY = YES;
				CLANG_WARN_ENUM_CONVERSION = YES;
				CLANG_WARN_INFINITE_RECURSION = YES;
				CLANG_WARN_INT_CONVERSION = YES;
				CLANG_WARN_NON_LITERAL_NULL_CONVERSION = YES;
				CLANG_WARN_OBJC_IMPLICIT_RETAIN_SELF = YES;
				CLANG_WARN_OBJC_LITERAL_CONVERSION = YES;
				CLANG_WARN_OBJC_ROOT_CLASS = YES_ERROR;
				CLANG_WARN_QUOTED_INCLUDE_IN_FRAMEWORK_HEADER = YES;
				CLANG_WARN_RANGE_LOOP_ANALYSIS = YES;
				CLANG_WARN_STRICT_PROTOTYPES = YES;
				CLANG_WARN_SUSPICIOUS_MOVE = YES;
				CLANG_WARN_UNGUARDED_AVAILABILITY = YES_AGGRESSIVE;
				CLANG_WARN_UNREACHABLE_CODE = YES;
				CLANG_WARN__DUPLICATE_METHOD_MATCH = YES;
				COPY_PHASE_STRIP = NO;
				DEBUG_INFORMATION_FORMAT = dwarf;
				DEVELOPMENT_TEAM = 7ZX376GC28;
				ENABLE_STRICT_OBJC_MSGSEND = YES;
				ENABLE_TESTABILITY = YES;
				ENABLE_USER_SCRIPT_SANDBOXING = YES;
				GCC_C_LANGUAGE_STANDARD = gnu17;
				GCC_DYNAMIC_NO_PIC = NO;
				GCC_NO_COMMON_BLOCKS = YES;
				GCC_OPTIMIZATION_LEVEL = 0;
				GCC_PREPROCESSOR_DEFINITIONS = (
					"DEBUG=1",
					"$(inherited)",
				);
				GCC_WARN_64_TO_32_BIT_CONVERSION = YES;
				GCC_WARN_ABOUT_RETURN_TYPE = YES_ERROR;
				GCC_WARN_UNDECLARED_SELECTOR = YES;
				GCC_WARN_UNINITIALIZED_AUTOS = YES_AGGRESSIVE;
				GCC_WARN_UNUSED_FUNCTION = YES;
				GCC_WARN_UNUSED_VARIABLE = YES;
				IPHONEOS_DEPLOYMENT_TARGET = 18.5;
				LOCALIZATION_PREFERS_STRING_CATALOGS = YES;
				MTL_ENABLE_DEBUG_INFO = INCLUDE_SOURCE;
				MTL_FAST_MATH = YES;
				ONLY_ACTIVE_ARCH = YES;
				SDKROOT = iphoneos;
				STRING_CATALOG_GENERATE_SYMBOLS = YES;
				SWIFT_ACTIVE_COMPILATION_CONDITIONS = "DEBUG $(inherited)";
				SWIFT_OPTIMIZATION_LEVEL = "-Onone";
			};
			name = Debug;
		};
		92C8A5582E78540800B0E887 /* Release */ = {
			isa = XCBuildConfiguration;
			buildSettings = {
				ALWAYS_SEARCH_USER_PATHS = NO;
				ASSETCATALOG_COMPILER_GENERATE_SWIFT_ASSET_SYMBOL_EXTENSIONS = YES;
				CLANG_ANALYZER_NONNULL = YES;
				CLANG_ANALYZER_NUMBER_OBJECT_CONVERSION = YES_AGGRESSIVE;
				CLANG_CXX_LANGUAGE_STANDARD = "gnu++20";
				CLANG_ENABLE_MODULES = YES;
				CLANG_ENABLE_OBJC_ARC = YES;
				CLANG_ENABLE_OBJC_WEAK = YES;
				CLANG_WARN_BLOCK_CAPTURE_AUTORELEASING = YES;
				CLANG_WARN_BOOL_CONVERSION = YES;
				CLANG_WARN_COMMA = YES;
				CLANG_WARN_CONSTANT_CONVERSION = YES;
				CLANG_WARN_DEPRECATED_OBJC_IMPLEMENTATIONS = YES;
				CLANG_WARN_DIRECT_OBJC_ISA_USAGE = YES_ERROR;
				CLANG_WARN_DOCUMENTATION_COMMENTS = YES;
				CLANG_WARN_EMPTY_BODY = YES;
				CLANG_WARN_ENUM_CONVERSION = YES;
				CLANG_WARN_INFINITE_RECURSION = YES;
				CLANG_WARN_INT_CONVERSION = YES;
				CLANG_WARN_NON_LITERAL_NULL_CONVERSION = YES;
				CLANG_WARN_OBJC_IMPLICIT_RETAIN_SELF = YES;
				CLANG_WARN_OBJC_LITERAL_CONVERSION = YES;
				CLANG_WARN_OBJC_ROOT_CLASS = YES_ERROR;
				CLANG_WARN_QUOTED_INCLUDE_IN_FRAMEWORK_HEADER = YES;
				CLANG_WARN_RANGE_LOOP_ANALYSIS = YES;
				CLANG_WARN_STRICT_PROTOTYPES = YES;
				CLANG_WARN_SUSPICIOUS_MOVE = YES;
				CLANG_WARN_UNGUARDED_AVAILABILITY = YES_AGGRESSIVE;
				CLANG_WARN_UNREACHABLE_CODE = YES;
				CLANG_WARN__DUPLICATE_METHOD_MATCH = YES;
				COPY_PHASE_STRIP = NO;
				DEBUG_INFORMATION_FORMAT = "dwarf-with-dsym";
				DEVELOPMENT_TEAM = 7ZX376GC28;
				ENABLE_NS_ASSERTIONS = NO;
				ENABLE_STRICT_OBJC_MSGSEND = YES;
				ENABLE_USER_SCRIPT_SANDBOXING = YES;
				GCC_C_LANGUAGE_STANDARD = gnu17;
				GCC_NO_COMMON_BLOCKS = YES;
				GCC_WARN_64_TO_32_BIT_CONVERSION = YES;
				GCC_WARN_ABOUT_RETURN_TYPE = YES_ERROR;
				GCC_WARN_UNDECLARED_SELECTOR = YES;
				GCC_WARN_UNINITIALIZED_AUTOS = YES_AGGRESSIVE;
				GCC_WARN_UNUSED_FUNCTION = YES;
				GCC_WARN_UNUSED_VARIABLE = YES;
				IPHONEOS_DEPLOYMENT_TARGET = 18.5;
				LOCALIZATION_PREFERS_STRING_CATALOGS = YES;
				MTL_ENABLE_DEBUG_INFO = NO;
				MTL_FAST_MATH = YES;
				SDKROOT = iphoneos;
				STRING_CATALOG_GENERATE_SYMBOLS = YES;
				SWIFT_COMPILATION_MODE = wholemodule;
				VALIDATE_PRODUCT = YES;
			};
			name = Release;
		};
		92C8A55A2E78540800B0E887 /* Debug */ = {
			isa = XCBuildConfiguration;
			buildSettings = {
				ASSETCATALOG_COMPILER_APPICON_NAME = AppIcon;
				ASSETCATALOG_COMPILER_GLOBAL_ACCENT_COLOR_NAME = AccentColor;
				CODE_SIGN_STYLE = Automatic;
				CURRENT_PROJECT_VERSION = 1;
				DEVELOPMENT_TEAM = 7ZX376GC28;
				ENABLE_PREVIEWS = YES;
				GENERATE_INFOPLIST_FILE = YES;
				INFOPLIST_KEY_UIApplicationSceneManifest_Generation = YES;
				INFOPLIST_KEY_UIApplicationSupportsIndirectInputEvents = YES;
				INFOPLIST_KEY_UILaunchScreen_Generation = YES;
				INFOPLIST_KEY_UISupportedInterfaceOrientations = UIInterfaceOrientationPortrait;
				INFOPLIST_KEY_UISupportedInterfaceOrientations_iPad = "UIInterfaceOrientationLandscapeLeft UIInterfaceOrientationLandscapeRight UIInterfaceOrientationPortrait UIInterfaceOrientationPortraitUpsideDown";
				IPHONEOS_DEPLOYMENT_TARGET = 17.0;
				LD_RUNPATH_SEARCH_PATHS = (
					"$(inherited)",
					"@executable_path/Frameworks",
				);
				MARKETING_VERSION = 1.0;
				PRODUCT_BUNDLE_IDENTIFIER = xyz.luvdeck.LuvDeck;
				PRODUCT_NAME = "$(TARGET_NAME)";
				SUPPORTED_PLATFORMS = "iphoneos iphonesimulator";
				SUPPORTS_MACCATALYST = NO;
				SUPPORTS_MAC_DESIGNED_FOR_IPHONE_IPAD = NO;
				SUPPORTS_XR_DESIGNED_FOR_IPHONE_IPAD = NO;
				SWIFT_EMIT_LOC_STRINGS = YES;
				SWIFT_VERSION = 5.0;
				TARGETED_DEVICE_FAMILY = 1;
			};
			name = Debug;
		};
		92C8A55B2E78540800B0E887 /* Release */ = {
			isa = XCBuildConfiguration;
			buildSettings = {
				ASSETCATALOG_COMPILER_APPICON_NAME = AppIcon;
				ASSETCATALOG_COMPILER_GLOBAL_ACCENT_COLOR_NAME = AccentColor;
				CODE_SIGN_STYLE = Automatic;
				CURRENT_PROJECT_VERSION = 1;
				DEVELOPMENT_TEAM = 7ZX376GC28;
				ENABLE_PREVIEWS = YES;
				GENERATE_INFOPLIST_FILE = YES;
				INFOPLIST_KEY_UIApplicationSceneManifest_Generation = YES;
				INFOPLIST_KEY_UIApplicationSupportsIndirectInputEvents = YES;
				INFOPLIST_KEY_UILaunchScreen_Generation = YES;
				INFOPLIST_KEY_UISupportedInterfaceOrientations = UIInterfaceOrientationPortrait;
				INFOPLIST_KEY_UISupportedInterfaceOrientations_iPad = "UIInterfaceOrientationLandscapeLeft UIInterfaceOrientationLandscapeRight UIInterfaceOrientationPortrait UIInterfaceOrientationPortraitUpsideDown";
				IPHONEOS_DEPLOYMENT_TARGET = 17.0;
				LD_RUNPATH_SEARCH_PATHS = (
					"$(inherited)",
					"@executable_path/Frameworks",
				);
				MARKETING_VERSION = 1.0;
				PRODUCT_BUNDLE_IDENTIFIER = xyz.luvdeck.LuvDeck;
				PRODUCT_NAME = "$(TARGET_NAME)";
				SUPPORTED_PLATFORMS = "iphoneos iphonesimulator";
				SUPPORTS_MACCATALYST = NO;
				SUPPORTS_MAC_DESIGNED_FOR_IPHONE_IPAD = NO;
				SUPPORTS_XR_DESIGNED_FOR_IPHONE_IPAD = NO;
				SWIFT_EMIT_LOC_STRINGS = YES;
				SWIFT_VERSION = 5.0;
				TARGETED_DEVICE_FAMILY = 1;
			};
			name = Release;
		};
		92C8A55D2E78540800B0E887 /* Debug */ = {
			isa = XCBuildConfiguration;
			buildSettings = {
				BUNDLE_LOADER = "$(TEST_HOST)";
				CODE_SIGN_STYLE = Automatic;
				CURRENT_PROJECT_VERSION = 1;
				DEVELOPMENT_TEAM = 7ZX376GC28;
				GENERATE_INFOPLIST_FILE = YES;
				IPHONEOS_DEPLOYMENT_TARGET = 18.5;
				MARKETING_VERSION = 1.0;
				PRODUCT_BUNDLE_IDENTIFIER = xyz.luvdeck.LuvDeckTests;
				PRODUCT_NAME = "$(TARGET_NAME)";
				SWIFT_EMIT_LOC_STRINGS = NO;
				SWIFT_VERSION = 5.0;
				TARGETED_DEVICE_FAMILY = "1,2";
				TEST_HOST = "$(BUILT_PRODUCTS_DIR)/LuvDeck.app/$(BUNDLE_EXECUTABLE_FOLDER_PATH)/LuvDeck";
			};
			name = Debug;
		};
		92C8A55E2E78540800B0E887 /* Release */ = {
			isa = XCBuildConfiguration;
			buildSettings = {
				BUNDLE_LOADER = "$(TEST_HOST)";
				CODE_SIGN_STYLE = Automatic;
				CURRENT_PROJECT_VERSION = 1;
				DEVELOPMENT_TEAM = 7ZX376GC28;
				GENERATE_INFOPLIST_FILE = YES;
				IPHONEOS_DEPLOYMENT_TARGET = 18.5;
				MARKETING_VERSION = 1.0;
				PRODUCT_BUNDLE_IDENTIFIER = xyz.luvdeck.LuvDeckTests;
				PRODUCT_NAME = "$(TARGET_NAME)";
				SWIFT_EMIT_LOC_STRINGS = NO;
				SWIFT_VERSION = 5.0;
				TARGETED_DEVICE_FAMILY = "1,2";
				TEST_HOST = "$(BUILT_PRODUCTS_DIR)/LuvDeck.app/$(BUNDLE_EXECUTABLE_FOLDER_PATH)/LuvDeck";
			};
			name = Release;
		};
		92C8A5602E78540800B0E887 /* Debug */ = {
			isa = XCBuildConfiguration;
			buildSettings = {
				CODE_SIGN_STYLE = Automatic;
				CURRENT_PROJECT_VERSION = 1;
				DEVELOPMENT_TEAM = 7ZX376GC28;
				GENERATE_INFOPLIST_FILE = YES;
				MARKETING_VERSION = 1.0;
				PRODUCT_BUNDLE_IDENTIFIER = xyz.luvdeck.LuvDeckUITests;
				PRODUCT_NAME = "$(TARGET_NAME)";
				SWIFT_EMIT_LOC_STRINGS = NO;
				SWIFT_VERSION = 5.0;
				TARGETED_DEVICE_FAMILY = "1,2";
				TEST_TARGET_NAME = LuvDeck;
			};
			name = Debug;
		};
		92C8A5612E78540800B0E887 /* Release */ = {
			isa = XCBuildConfiguration;
			buildSettings = {
				CODE_SIGN_STYLE = Automatic;
				CURRENT_PROJECT_VERSION = 1;
				DEVELOPMENT_TEAM = 7ZX376GC28;
				GENERATE_INFOPLIST_FILE = YES;
				MARKETING_VERSION = 1.0;
				PRODUCT_BUNDLE_IDENTIFIER = xyz.luvdeck.LuvDeckUITests;
				PRODUCT_NAME = "$(TARGET_NAME)";
				SWIFT_EMIT_LOC_STRINGS = NO;
				SWIFT_VERSION = 5.0;
				TARGETED_DEVICE_FAMILY = "1,2";
				TEST_TARGET_NAME = LuvDeck;
			};
			name = Release;
		};
/* End XCBuildConfiguration section */

/* Begin XCConfigurationList section */
		92C8A5332E78540600B0E887 /* Build configuration list for PBXProject "LuvDeck" */ = {
			isa = XCConfigurationList;
			buildConfigurations = (
				92C8A5572E78540800B0E887 /* Debug */,
				92C8A5582E78540800B0E887 /* Release */,
			);
			defaultConfigurationIsVisible = 0;
			defaultConfigurationName = Release;
		};
		92C8A5592E78540800B0E887 /* Build configuration list for PBXNativeTarget "LuvDeck" */ = {
			isa = XCConfigurationList;
			buildConfigurations = (
				92C8A55A2E78540800B0E887 /* Debug */,
				92C8A55B2E78540800B0E887 /* Release */,
			);
			defaultConfigurationIsVisible = 0;
			defaultConfigurationName = Release;
		};
		92C8A55C2E78540800B0E887 /* Build configuration list for PBXNativeTarget "LuvDeckTests" */ = {
			isa = XCConfigurationList;
			buildConfigurations = (
				92C8A55D2E78540800B0E887 /* Debug */,
				92C8A55E2E78540800B0E887 /* Release */,
			);
			defaultConfigurationIsVisible = 0;
			defaultConfigurationName = Release;
		};
		92C8A55F2E78540800B0E887 /* Build configuration list for PBXNativeTarget "LuvDeckUITests" */ = {
			isa = XCConfigurationList;
			buildConfigurations = (
				92C8A5602E78540800B0E887 /* Debug */,
				92C8A5612E78540800B0E887 /* Release */,
			);
			defaultConfigurationIsVisible = 0;
			defaultConfigurationName = Release;
		};
/* End XCConfigurationList section */

/* Begin XCRemoteSwiftPackageReference section */
		92C8A5642E7856CA00B0E887 /* XCRemoteSwiftPackageReference "firebase-ios-sdk" */ = {
			isa = XCRemoteSwiftPackageReference;
			repositoryURL = "https://github.com/firebase/firebase-ios-sdk.git";
			requirement = {
				kind = upToNextMajorVersion;
				minimumVersion = 12.2.0;
			};
		};
/* End XCRemoteSwiftPackageReference section */

/* Begin XCSwiftPackageProductDependency section */
		92C8A5652E7856CA00B0E887 /* FirebaseAuth */ = {
			isa = XCSwiftPackageProductDependency;
			package = 92C8A5642E7856CA00B0E887 /* XCRemoteSwiftPackageReference "firebase-ios-sdk" */;
			productName = FirebaseAuth;
		};
		92C8A5672E7856CA00B0E887 /* FirebaseAuthCombine-Community */ = {
			isa = XCSwiftPackageProductDependency;
			package = 92C8A5642E7856CA00B0E887 /* XCRemoteSwiftPackageReference "firebase-ios-sdk" */;
			productName = "FirebaseAuthCombine-Community";
		};
		92C8A5692E7856CA00B0E887 /* FirebaseDatabase */ = {
			isa = XCSwiftPackageProductDependency;
			package = 92C8A5642E7856CA00B0E887 /* XCRemoteSwiftPackageReference "firebase-ios-sdk" */;
			productName = FirebaseDatabase;
		};
		92C8A56B2E7856CA00B0E887 /* FirebaseFirestore */ = {
			isa = XCSwiftPackageProductDependency;
			package = 92C8A5642E7856CA00B0E887 /* XCRemoteSwiftPackageReference "firebase-ios-sdk" */;
			productName = FirebaseFirestore;
		};
		92C8A56D2E7856CA00B0E887 /* FirebaseFunctions */ = {
			isa = XCSwiftPackageProductDependency;
			package = 92C8A5642E7856CA00B0E887 /* XCRemoteSwiftPackageReference "firebase-ios-sdk" */;
			productName = FirebaseFunctions;
		};
		92C8A56F2E7856CA00B0E887 /* FirebaseStorage */ = {
			isa = XCSwiftPackageProductDependency;
			package = 92C8A5642E7856CA00B0E887 /* XCRemoteSwiftPackageReference "firebase-ios-sdk" */;
			productName = FirebaseStorage;
		};
/* End XCSwiftPackageProductDependency section */
	};
	rootObject = 92C8A5302E78540600B0E887 /* Project object */;
}
